
Microsoft Visual Studio Solution File, Format Version 12.00
# Visual Studio Version 17
VisualStudioVersion = 17.4.33122.133
MinimumVisualStudioVersion = 10.0.40219.1
Project("{FAE04EC0-301F-11D3-BF4B-00C04F79EFBC}") = "ProjektWatki", "ProjektWatki\ProjektWatki.csproj", "{A0CD4A6E-33BA-4456-8E07-4FE19C5FC042}"
EndProject
Global
	GlobalSection(SolutionConfigurationPlatforms) = preSolution
		Debug|Any CPU = Debug|Any CPU
		Release|Any CPU = Release|Any CPU
	EndGlobalSection
	GlobalSection(ProjectConfigurationPlatforms) = postSolution
		{A0CD4A6E-33BA-4456-8E07-4FE19C5FC042}.Debug|Any CPU.ActiveCfg = Debug|Any CPU
		{A0CD4A6E-33BA-4456-8E07-4FE19C5FC042}.Debug|Any CPU.Build.0 = Debug|Any CPU
		{A0CD4A6E-33BA-4456-8E07-4FE19C5FC042}.Release|Any CPU.ActiveCfg = Release|Any CPU
		{A0CD4A6E-33BA-4456-8E07-4FE19C5FC042}.Release|Any CPU.Build.0 = Release|Any CPU
	EndGlobalSection
	GlobalSection(SolutionProperties) = preSolution
		HideSolutionNode = FALSE
	EndGlobalSection
	GlobalSection(ExtensibilityGlobals) = postSolution
		SolutionGuid = {22A878CB-74E7-48D7-AF35-9CC0810381F3}
	EndGlobalSection
EndGlobal
